
Microsoft Visual Studio Solution File, Format Version 12.00
# Visual Studio Version 16
VisualStudioVersion = 16.0.32228.343
MinimumVisualStudioVersion = 10.0.40219.1
Project("{FAE04EC0-301F-11D3-BF4B-00C04F79EFBC}") = "Spoofer", "Spoofer\Spoofer.csproj", "{FBF016B8-26B8-4789-85D1-F1008F0E36B2}"
EndProject
Project("{54435603-DBB4-11D2-8724-00A0C9A8B90C}") = "Setup", "Setup\Setup.vdproj", "{15F8766B-1C50-40F5-908F-8EC689A2D3DD}"
EndProject
Global
	GlobalSection(SolutionConfigurationPlatforms) = preSolution
		Debug|Any CPU = Debug|Any CPU
		Debug|x64 = Debug|x64
		Debug|x86 = Debug|x86
		Release|Any CPU = Release|Any CPU
		Release|x64 = Release|x64
		Release|x86 = Release|x86
	EndGlobalSection
	GlobalSection(ProjectConfigurationPlatforms) = postSolution
		{FBF016B8-26B8-4789-85D1-F1008F0E36B2}.Debug|Any CPU.ActiveCfg = Debug|Any CPU
		{FBF016B8-26B8-4789-85D1-F1008F0E36B2}.Debug|Any CPU.Build.0 = Debug|Any CPU
		{FBF016B8-26B8-4789-85D1-F1008F0E36B2}.Debug|x64.ActiveCfg = Debug|Any CPU
		{FBF016B8-26B8-4789-85D1-F1008F0E36B2}.Debug|x64.Build.0 = Debug|Any CPU
		{FBF016B8-26B8-4789-85D1-F1008F0E36B2}.Debug|x86.ActiveCfg = Debug|Win32
		{FBF016B8-26B8-4789-85D1-F1008F0E36B2}.Debug|x86.Build.0 = Debug|Win32
		{FBF016B8-26B8-4789-85D1-F1008F0E36B2}.Release|Any CPU.ActiveCfg = Release|Any CPU
		{FBF016B8-26B8-4789-85D1-F1008F0E36B2}.Release|Any CPU.Build.0 = Release|Any CPU
		{FBF016B8-26B8-4789-85D1-F1008F0E36B2}.Release|x64.ActiveCfg = Release|Any CPU
		{FBF016B8-26B8-4789-85D1-F1008F0E36B2}.Release|x64.Build.0 = Release|Any CPU
		{FBF016B8-26B8-4789-85D1-F1008F0E36B2}.Release|x86.ActiveCfg = Release|Any CPU
		{FBF016B8-26B8-4789-85D1-F1008F0E36B2}.Release|x86.Build.0 = Release|Any CPU
		{15F8766B-1C50-40F5-908F-8EC689A2D3DD}.Debug|Any CPU.ActiveCfg = Debug
		{15F8766B-1C50-40F5-908F-8EC689A2D3DD}.Debug|x64.ActiveCfg = Debug
		{15F8766B-1C50-40F5-908F-8EC689A2D3DD}.Debug|x86.ActiveCfg = Debug
		{15F8766B-1C50-40F5-908F-8EC689A2D3DD}.Release|Any CPU.ActiveCfg = Release
		{15F8766B-1C50-40F5-908F-8EC689A2D3DD}.Release|x64.ActiveCfg = Release
		{15F8766B-1C50-40F5-908F-8EC689A2D3DD}.Release|x86.ActiveCfg = Release
	EndGlobalSection
	GlobalSection(SolutionProperties) = preSolution
		HideSolutionNode = FALSE
	EndGlobalSection
	GlobalSection(ExtensibilityGlobals) = postSolution
		SolutionGuid = {9ABBE615-1130-4F8D-B1A9-6E8229FA645D}
	EndGlobalSection
EndGlobal
